<?xml version="1.0" encoding="utf-8"?>
<Project ToolsVersion="4.0" xmlns="http://schemas.microsoft.com/developer/msbuild/2003">
  <ItemGroup>
    <Filter Include="Lore">
      <UniqueIdentifier>{97A3887C-83DA-890D-2CC7-6F1018DD050F}</UniqueIdentifier>
    </Filter>
    <Filter Include="Lore\Events">
      <UniqueIdentifier>{9B7F5D24-0735-D619-9029-D0F0FCDDCC1D}</UniqueIdentifier>
    </Filter>
    <Filter Include="Platform">
      <UniqueIdentifier>{2AC788B4-1694-E3BF-3FAD-D1672BD9184E}</UniqueIdentifier>
    </Filter>
    <Filter Include="Platform\Windows">
      <UniqueIdentifier>{64FBD71A-50F4-F66C-7926-DCF1657ED678}</UniqueIdentifier>
    </Filter>
  </ItemGroup>
  <ItemGroup>
    <ClInclude Include="src\Lore.h" />
    <ClInclude Include="src\Lore\Application.h">
      <Filter>Lore</Filter>
    </ClInclude>
    <ClInclude Include="src\Lore\Core.h">
      <Filter>Lore</Filter>
    </ClInclude>
    <ClInclude Include="src\Lore\EntryPoint.h">
      <Filter>Lore</Filter>
    </ClInclude>
    <ClInclude Include="src\Lore\Events\ApplicationEvent.h">
      <Filter>Lore\Events</Filter>
    </ClInclude>
    <ClInclude Include="src\Lore\Events\Event.h">
      <Filter>Lore\Events</Filter>
    </ClInclude>
    <ClInclude Include="src\Lore\Events\KeyEvent.h">
      <Filter>Lore\Events</Filter>
    </ClInclude>
    <ClInclude Include="src\Lore\Events\MouseEvent.h">
      <Filter>Lore\Events</Filter>
    </ClInclude>
    <ClInclude Include="src\Lore\Log.h">
      <Filter>Lore</Filter>
    </ClInclude>
    <ClInclude Include="src\Lore\Window.h">
      <Filter>Lore</Filter>
    </ClInclude>
    <ClInclude Include="src\Platform\Windows\WindowsWindow.h">
      <Filter>Platform\Windows</Filter>
    </ClInclude>
    <ClInclude Include="src\lrpch.h" />
  </ItemGroup>
  <ItemGroup>
    <ClCompile Include="src\Lore\Application.cpp">
      <Filter>Lore</Filter>
    </ClCompile>
    <ClCompile Include="src\Lore\Log.cpp">
      <Filter>Lore</Filter>
    </ClCompile>
    <ClCompile Include="src\Platform\Windows\WindowsWindow.cpp">
      <Filter>Platform\Windows</Filter>
    </ClCompile>
    <ClCompile Include="src\lrpch.cpp" />
  </ItemGroup>
</Project>